<?xml version="1.0" encoding="utf-8"?>
<Project ToolsVersion="4.0" xmlns="http://schemas.microsoft.com/developer/msbuild/2003">
  <ItemGroup>
    <Filter Include="Common">
      <UniqueIdentifier>c0559ae9-2d1d-491b-ba10-6e2605b7bf17</UniqueIdentifier>
    </Filter>
    <Filter Include="Assets">
      <UniqueIdentifier>ebebb1e8-0137-4211-9815-5f8df8e6909e</UniqueIdentifier>
      <Extensions>ico;cur;bmp;dds;dlg;fbx;rct;bin;rgs;gif;jpg;jpeg;jpe;resx;tga;tiff;tif;png;wav;mfcribbon-ms</Extensions>
    </Filter>
    <Filter Include="Game Base">
      <UniqueIdentifier>{b4a4bf75-3cb8-4a7b-9b5e-db4ff132aba2}</UniqueIdentifier>
    </Filter>
    <Filter Include="Core">
      <UniqueIdentifier>{d6022f93-5073-407f-9fa9-e4692d3cccbe}</UniqueIdentifier>
    </Filter>
    <Filter Include="Core\GameObjects">
      <UniqueIdentifier>{85494339-d3a0-4aab-8b45-f7e22cfda08d}</UniqueIdentifier>
    </Filter>
    <Filter Include="Core\GameObjects\3D">
      <UniqueIdentifier>{6246de82-1015-4c3a-b8ad-f54b02ec128e}</UniqueIdentifier>
    </Filter>
    <Filter Include="Core\GameObjects\3D\Headers">
      <UniqueIdentifier>{d5f5b073-7c5e-49a4-afa1-5af581eda6e2}</UniqueIdentifier>
    </Filter>
    <Filter Include="Core\GameObjects\3D\Source">
      <UniqueIdentifier>{32b089ec-d6eb-4d4b-8588-e1678ceb5426}</UniqueIdentifier>
    </Filter>
    <Filter Include="Core\GPU">
      <UniqueIdentifier>{64c6fa30-1b1a-432d-b541-617074b2d699}</UniqueIdentifier>
    </Filter>
    <Filter Include="Core\GameComponent">
      <UniqueIdentifier>{37adc79b-1474-4b0e-91c0-776a67463d5c}</UniqueIdentifier>
    </Filter>
    <Filter Include="Core\GameObjects\Base">
      <UniqueIdentifier>{bd8d177b-0bd3-4472-9d33-c1d2e7a8a770}</UniqueIdentifier>
    </Filter>
    <Filter Include="Core\GameObjects\Base\2D">
      <UniqueIdentifier>{dee484d5-de5a-4e2f-952e-fbc1a5cf3a9c}</UniqueIdentifier>
    </Filter>
    <Filter Include="Core\GameObjects\Base\3D">
      <UniqueIdentifier>{02bdaaa3-5f04-43b0-89e7-fc71e83e5639}</UniqueIdentifier>
    </Filter>
    <Filter Include="Core\GameComponent\Game components">
      <UniqueIdentifier>{678e8ab6-8d13-4062-a412-8a6b9bc9bd60}</UniqueIdentifier>
    </Filter>
    <Filter Include="Core\GameComponent\Base">
      <UniqueIdentifier>{90b7c0fc-94f9-469e-bbce-5fe650d2486a}</UniqueIdentifier>
    </Filter>
    <Filter Include="Core\GameComponent\Base\Component Manager">
      <UniqueIdentifier>{d8f0cda2-7500-4097-bc53-749deab960d2}</UniqueIdentifier>
    </Filter>
    <Filter Include="Core\GameComponent\Game components\Test">
      <UniqueIdentifier>{3bc4128c-a606-41d7-8727-5520b366cdf3}</UniqueIdentifier>
    </Filter>
    <Filter Include="Core\Collision Manager">
      <UniqueIdentifier>{92fea116-d5f7-47d3-84e3-a9ce939424fe}</UniqueIdentifier>
    </Filter>
    <Filter Include="Core\Events">
      <UniqueIdentifier>{c608e1f8-fc7b-4371-9a7c-cd156d575d5f}</UniqueIdentifier>
    </Filter>
    <Filter Include="Core\Events\Scene Events">
      <UniqueIdentifier>{25bef321-2fc8-4e68-b89c-32881737c0d8}</UniqueIdentifier>
    </Filter>
    <Filter Include="Core\Events\Base">
      <UniqueIdentifier>{658994ec-46b9-4ab8-a7e1-5bacba59e65f}</UniqueIdentifier>
    </Filter>
    <Filter Include="Core\Game Management">
      <UniqueIdentifier>{6b882ec3-e593-4163-9a1a-6a19a7f6c330}</UniqueIdentifier>
    </Filter>
    <Filter Include="Core\Game Management\Data">
      <UniqueIdentifier>{16b67cf6-3c4d-43f4-8c59-fe4174d41050}</UniqueIdentifier>
    </Filter>
    <Filter Include="Core\File IO">
      <UniqueIdentifier>{c54b78e7-ea2e-47c0-a9b8-17bc123cd64a}</UniqueIdentifier>
    </Filter>
    <Filter Include="Core\GameComponent\Game components\Players">
      <UniqueIdentifier>{bec5be17-523c-4b25-88fb-960d5dd0c993}</UniqueIdentifier>
    </Filter>
    <Filter Include="Core\UI">
      <UniqueIdentifier>{9aa44dd9-973f-404c-8bb3-5e1fdcfdd9ff}</UniqueIdentifier>
    </Filter>
    <Filter Include="Core\UI\Canvas">
      <UniqueIdentifier>{f919082c-e4a6-4a4e-8949-b893e3acb99b}</UniqueIdentifier>
    </Filter>
    <Filter Include="Core\UI\Base Object">
      <UniqueIdentifier>{61077468-25bf-41de-94b8-f83d5123eeb3}</UniqueIdentifier>
    </Filter>
    <Filter Include="Core\UI\Test Object">
      <UniqueIdentifier>{954bae20-35e9-4487-a0ef-aa8cd8a1131c}</UniqueIdentifier>
    </Filter>
    <Filter Include="Core\File IO\Base">
      <UniqueIdentifier>{9276d140-20a3-44be-af12-3c612e9e465c}</UniqueIdentifier>
    </Filter>
    <Filter Include="Core\File IO\Sprite Animation">
      <UniqueIdentifier>{b93d1c55-8a8d-4f04-a46d-777a69c32c12}</UniqueIdentifier>
    </Filter>
    <Filter Include="Core\Helpers">
      <UniqueIdentifier>{c10998e0-ea09-43e5-ac30-a9fa2a665f0a}</UniqueIdentifier>
    </Filter>
    <Filter Include="Core\GameComponent\Game components\Sprite Animation">
      <UniqueIdentifier>{dae7578c-4c76-4f53-9fdd-35248ca50bbb}</UniqueIdentifier>
    </Filter>
    <Filter Include="Core\Input">
      <UniqueIdentifier>{0daaf260-df3c-4110-8123-0df54d6c0e47}</UniqueIdentifier>
    </Filter>
    <Filter Include="Core\UI\Label">
      <UniqueIdentifier>{aff4b8f2-3875-4b54-92b4-4cadb03b7585}</UniqueIdentifier>
    </Filter>
    <Filter Include="Core\UI\Components">
      <UniqueIdentifier>{3123c2be-bf17-48b7-8929-9883e1980b6a}</UniqueIdentifier>
    </Filter>
    <Filter Include="Core\UI\UISprite">
      <UniqueIdentifier>{c35bb81d-3d96-40f5-9093-3997aa513eea}</UniqueIdentifier>
    </Filter>
    <Filter Include="Core\Physics">
      <UniqueIdentifier>{6b904ff7-7638-46b8-8fc8-636e17e5a2b5}</UniqueIdentifier>
    </Filter>
    <Filter Include="Core\Physics\Collision">
      <UniqueIdentifier>{f726aa76-fb19-446d-b875-7b36ccde6674}</UniqueIdentifier>
    </Filter>
    <Filter Include="Core\Physics\Collision\Object">
      <UniqueIdentifier>{575440c2-eca4-4aa5-a8d6-6bc8d2992e63}</UniqueIdentifier>
    </Filter>
    <Filter Include="Core\Physics\Collision\Data">
      <UniqueIdentifier>{61c4f99f-3727-4aa9-bdb3-279c15190fa0}</UniqueIdentifier>
    </Filter>
    <Filter Include="Core\Physics\Resolver">
      <UniqueIdentifier>{f809afd7-1627-4f69-a928-e23ecd4e2a80}</UniqueIdentifier>
    </Filter>
    <Filter Include="Core\Physics\RigidBody">
      <UniqueIdentifier>{3ed700f4-d6b1-4dc6-96eb-d0d711969549}</UniqueIdentifier>
    </Filter>
    <Filter Include="Core\UI\Text %28depreciated%29">
      <UniqueIdentifier>{061ad967-d7c3-4122-8156-b069861ed7fb}</UniqueIdentifier>
    </Filter>
    <Filter Include="Game Base\Game">
      <UniqueIdentifier>{28d9d662-0f3a-435a-aad7-fe9b790a796d}</UniqueIdentifier>
    </Filter>
    <Filter Include="Game Base\System">
      <UniqueIdentifier>{f958415b-4ec3-4963-a9f4-1e33c56af760}</UniqueIdentifier>
    </Filter>
    <Filter Include="Game Base\Core Data">
      <UniqueIdentifier>{6cc53fe2-9597-4029-87e9-f973aa967c6c}</UniqueIdentifier>
    </Filter>
    <Filter Include="Core\Scenes">
      <UniqueIdentifier>{b9fbcb84-4228-428e-ab17-76d6ec6369fb}</UniqueIdentifier>
    </Filter>
    <Filter Include="Core\Scenes\Scenes">
      <UniqueIdentifier>{fc6c4e6c-78e6-4fbb-89b8-19fe20aedc05}</UniqueIdentifier>
    </Filter>
    <Filter Include="Core\Scenes\Scene State">
      <UniqueIdentifier>{f9e1b9b3-9b94-4485-bc84-45983b0ad33e}</UniqueIdentifier>
    </Filter>
    <Filter Include="Core\Scenes\Scene Loader">
      <UniqueIdentifier>{dc735a3a-656d-49ac-8888-9fedf2c46cc1}</UniqueIdentifier>
    </Filter>
    <Filter Include="Core\File IO\Base\Standard Parser">
      <UniqueIdentifier>{0580999c-970b-4221-a84d-ebecc49ab253}</UniqueIdentifier>
    </Filter>
    <Filter Include="Core\File IO\Base\JSON Parser">
      <UniqueIdentifier>{30cd999e-9c0c-46b5-ad99-5faac3263162}</UniqueIdentifier>
    </Filter>
    <Filter Include="Core\GameObjects\Renderer">
      <UniqueIdentifier>{07734558-edc8-454c-9bc6-ffe6baa55c22}</UniqueIdentifier>
    </Filter>
    <Filter Include="Core\GameObjects\Obstacle">
      <UniqueIdentifier>{cc43e775-6d3f-4d0d-84de-8bbdf6542279}</UniqueIdentifier>
    </Filter>
    <Filter Include="Core\GameObjects\Player">
      <UniqueIdentifier>{c0bbc2b1-81b3-4f31-9e0c-e54612408cf9}</UniqueIdentifier>
    </Filter>
    <Filter Include="Core\Audio">
      <UniqueIdentifier>{1f7b3cba-c56d-4029-a684-2f5e318fa0e4}</UniqueIdentifier>
    </Filter>
    <Filter Include="Core\Audio\Components">
      <UniqueIdentifier>{86cf8d12-cadb-4002-94b1-906fe1d44b7b}</UniqueIdentifier>
    </Filter>
  </ItemGroup>
  <ItemGroup>
    <ClInclude Include="StepTimer.h">
      <Filter>Common</Filter>
    </ClInclude>
    <ClInclude Include="d3dx12.h">
      <Filter>Common</Filter>
    </ClInclude>
    <ClInclude Include="GameObjectList.h">
      <Filter>Core\GameObjects</Filter>
    </ClInclude>
    <ClInclude Include="PBGO3D.h">
      <Filter>Core\GameObjects\3D\Headers</Filter>
    </ClInclude>
    <ClInclude Include="Camera.h">
      <Filter>Core\GameObjects\3D\Headers</Filter>
    </ClInclude>
    <ClInclude Include="TestPBGO3D.h">
      <Filter>Core\GameObjects\3D\Headers</Filter>
    </ClInclude>
    <ClInclude Include="GPGO3D.h">
      <Filter>Core\GameObjects\3D\Headers</Filter>
    </ClInclude>
    <ClInclude Include="SDKMeshGO3D.h">
      <Filter>Core\GameObjects\3D\Headers</Filter>
    </ClInclude>
    <ClInclude Include="GameStateData.h">
      <Filter>Game Base\Core Data</Filter>
    </ClInclude>
    <ClInclude Include="RenderData.h">
      <Filter>Game Base\Core Data</Filter>
    </ClInclude>
    <ClInclude Include="SceneManager.h">
      <Filter>Core\Scenes</Filter>
    </ClInclude>
    <ClInclude Include="Scene.h">
      <Filter>Core\Scenes\Scenes</Filter>
    </ClInclude>
    <ClInclude Include="GPUCommand.h">
      <Filter>Core\GPU</Filter>
    </ClInclude>
    <ClInclude Include="GameObject2D.h">
      <Filter>Core\GameObjects\Base\2D</Filter>
    </ClInclude>
    <ClInclude Include="GameObject3D.h">
      <Filter>Core\GameObjects\Base\3D</Filter>
    </ClInclude>
    <ClInclude Include="GameComponentManager.h">
      <Filter>Core\GameComponent\Base\Component Manager</Filter>
    </ClInclude>
    <ClInclude Include="GameComponent.h">
      <Filter>Core\GameComponent\Base</Filter>
    </ClInclude>
    <ClInclude Include="TestComponent.h">
      <Filter>Core\GameComponent\Game components\Test</Filter>
    </ClInclude>
    <ClInclude Include="CollisionManager.h">
      <Filter>Core\Collision Manager</Filter>
    </ClInclude>
    <ClInclude Include="SceneEvent.h">
      <Filter>Core\Events\Scene Events</Filter>
    </ClInclude>
    <ClInclude Include="GameEvent.h">
      <Filter>Core\Events\Base</Filter>
    </ClInclude>
    <ClInclude Include="SceneState.h">
      <Filter>Core\Scenes\Scene State</Filter>
    </ClInclude>
    <ClInclude Include="GameManager.h">
      <Filter>Core\Game Management</Filter>
    </ClInclude>
    <ClInclude Include="PlayerData.h">
      <Filter>Core\Game Management\Data</Filter>
    </ClInclude>
    <ClInclude Include="GameData.h">
      <Filter>Core\Game Management\Data</Filter>
    </ClInclude>
    <ClInclude Include="PlayerStatus.h">
      <Filter>Core\GameComponent\Game components\Players</Filter>
    </ClInclude>
    <ClInclude Include="UICanvas.h">
      <Filter>Core\UI\Canvas</Filter>
    </ClInclude>
    <ClInclude Include="UIObject.h">
      <Filter>Core\UI\Base Object</Filter>
    </ClInclude>
    <ClInclude Include="UITest.h">
      <Filter>Core\UI\Test Object</Filter>
    </ClInclude>
    <ClInclude Include="SpriteAnimFileReader.h">
      <Filter>Core\File IO\Sprite Animation</Filter>
    </ClInclude>
    <ClInclude Include="AnimationData.h" />
    <ClInclude Include="FileExtenstionNames.h">
      <Filter>Core\Helpers</Filter>
    </ClInclude>
    <ClInclude Include="AnimationData.h">
      <Filter>Core\GameComponent\Game components\Sprite Animation</Filter>
    </ClInclude>
    <ClInclude Include="Sprite.h">
      <Filter>Core\GameComponent\Game components\Sprite Animation</Filter>
    </ClInclude>
    <ClInclude Include="InputManager.h">
      <Filter>Core\Input</Filter>
    </ClInclude>
    <ClInclude Include="UILabel.h">
      <Filter>Core\UI\Label</Filter>
    </ClInclude>
    <ClInclude Include="UISprite.h">
      <Filter>Core\UI\UISprite</Filter>
    </ClInclude>
    <ClInclude Include="MetroBrawlCollisionManager.h">
      <Filter>Core\Physics\Collision</Filter>
    </ClInclude>
    <ClInclude Include="Collider.h">
      <Filter>Core\Physics\Collision\Object</Filter>
    </ClInclude>
    <ClInclude Include="MetroBrawlCollisionData.h">
      <Filter>Core\Physics\Collision\Data</Filter>
    </ClInclude>
    <ClInclude Include="PhysicsResolver.h">
      <Filter>Core\Physics\Resolver</Filter>
    </ClInclude>
    <ClInclude Include="Physics2D.h">
      <Filter>Core\Physics\RigidBody</Filter>
    </ClInclude>
    <ClInclude Include="Text2D.h">
      <Filter>Core\UI\Text %28depreciated%29</Filter>
    </ClInclude>
    <ClInclude Include="Player2D.h">
      <Filter>Core\GameObjects\Player</Filter>
    </ClInclude>
    <ClInclude Include="Obstacle2D.h">
      <Filter>Core\GameObjects\Obstacle</Filter>
    </ClInclude>
    <ClInclude Include="Game.h">
      <Filter>Game Base\Game</Filter>
    </ClInclude>
    <ClInclude Include="pch.h">
      <Filter>Game Base\System</Filter>
    </ClInclude>
    <ClInclude Include="FileReaderBase.h">
      <Filter>Core\File IO\Base\Standard Parser</Filter>
    </ClInclude>
    <ClInclude Include="JSONFileReader.h">
      <Filter>Core\File IO\Base\JSON Parser</Filter>
    </ClInclude>
    <ClInclude Include="SceneLoader.h">
      <Filter>Core\Scenes\Scene Loader</Filter>
    </ClInclude>
    <ClInclude Include="ImageGO2D.h">
      <Filter>Core\GameObjects\Renderer</Filter>
    </ClInclude>
    <ClInclude Include="EntityConstructors.h">
      <Filter>Core\Scenes\Scene Loader</Filter>
    </ClInclude>
    <ClInclude Include="AudioManager.h">
      <Filter>Core\Audio</Filter>
    </ClInclude>
    <ClInclude Include="Sound.h">
      <Filter>Core\Audio\Components</Filter>
    </ClInclude>
    <ClInclude Include="MetroBrawlInputManager.h">
      <Filter>Core\Input</Filter>
    </ClInclude>
  </ItemGroup>
  <ItemGroup>
    <ClCompile Include="PBGO3D.cpp">
      <Filter>Core\GameObjects\3D\Source</Filter>
    </ClCompile>
    <ClCompile Include="Camera.cpp">
      <Filter>Core\GameObjects\3D\Source</Filter>
    </ClCompile>
    <ClCompile Include="TestPBGO3D.cpp">
      <Filter>Core\GameObjects\3D\Source</Filter>
    </ClCompile>
    <ClCompile Include="GPGO3D.cpp">
      <Filter>Core\GameObjects\3D\Source</Filter>
    </ClCompile>
    <ClCompile Include="SDKMeshGO3D.cpp">
      <Filter>Core\GameObjects\3D\Source</Filter>
    </ClCompile>
    <ClCompile Include="SceneManager.cpp">
      <Filter>Core\Scenes</Filter>
    </ClCompile>
    <ClCompile Include="Scene.cpp">
      <Filter>Core\Scenes\Scenes</Filter>
    </ClCompile>
    <ClCompile Include="GameObject2D.cpp">
      <Filter>Core\GameObjects\Base\2D</Filter>
    </ClCompile>
    <ClCompile Include="GameObject3D.cpp">
      <Filter>Core\GameObjects\Base\3D</Filter>
    </ClCompile>
    <ClCompile Include="GameComponentManager.cpp">
      <Filter>Core\GameComponent\Base\Component Manager</Filter>
    </ClCompile>
    <ClCompile Include="GameComponent.cpp">
      <Filter>Core\GameComponent\Base</Filter>
    </ClCompile>
    <ClCompile Include="CollisionManager.cpp">
      <Filter>Core\Collision Manager</Filter>
    </ClCompile>
    <ClCompile Include="SceneState.cpp">
      <Filter>Core\Scenes\Scene State</Filter>
    </ClCompile>
    <ClCompile Include="GameManager.cpp">
      <Filter>Core\Game Management</Filter>
    </ClCompile>
    <ClCompile Include="PlayerStatus.cpp" />
    <ClCompile Include="UITest.cpp">
      <Filter>Core\UI\Test Object</Filter>
    </ClCompile>
    <ClCompile Include="UIObject.cpp">
      <Filter>Core\UI\Base Object</Filter>
    </ClCompile>
    <ClCompile Include="UICanvas.cpp">
      <Filter>Core\UI\Canvas</Filter>
    </ClCompile>
    <ClCompile Include="PlayerStatus.cpp">
      <Filter>Core\GameComponent\Game components\Players</Filter>
    </ClCompile>
    <ClCompile Include="SpriteAnimFileReader.cpp">
      <Filter>Core\File IO\Sprite Animation</Filter>
    </ClCompile>
    <ClCompile Include="Sprite.cpp">
      <Filter>Core\GameComponent\Game components\Sprite Animation</Filter>
    </ClCompile>
    <ClCompile Include="InputManager.cpp">
      <Filter>Core\Input</Filter>
    </ClCompile>
    <ClCompile Include="UILabel.cpp">
      <Filter>Core\UI\Label</Filter>
    </ClCompile>
    <ClCompile Include="UISprite.cpp">
      <Filter>Core\UI\UISprite</Filter>
    </ClCompile>
    <ClCompile Include="MetroBrawlCollisionManager.cpp">
      <Filter>Core\Physics\Collision</Filter>
    </ClCompile>
    <ClCompile Include="Collider.cpp">
      <Filter>Core\Physics\Collision\Object</Filter>
    </ClCompile>
    <ClCompile Include="Physics2D.cpp">
      <Filter>Core\Physics\RigidBody</Filter>
    </ClCompile>
    <ClCompile Include="Text2D.cpp">
      <Filter>Core\UI\Text %28depreciated%29</Filter>
    </ClCompile>
    <ClCompile Include="Player2D.cpp">
      <Filter>Core\GameObjects\Player</Filter>
    </ClCompile>
    <ClCompile Include="Obstacle2D.cpp">
      <Filter>Core\GameObjects\Obstacle</Filter>
    </ClCompile>
    <ClCompile Include="Game.cpp">
      <Filter>Game Base\Game</Filter>
    </ClCompile>
    <ClCompile Include="pch.cpp">
      <Filter>Game Base\System</Filter>
    </ClCompile>
    <ClCompile Include="Main.cpp" />
    <ClCompile Include="PhysicsResolver.cpp">
      <Filter>Core\Physics\Resolver</Filter>
    </ClCompile>
    <ClCompile Include="FileReaderBase.cpp">
      <Filter>Core\File IO\Base\Standard Parser</Filter>
    </ClCompile>
    <ClCompile Include="JSONFileReader.cpp">
      <Filter>Core\File IO\Base\JSON Parser</Filter>
    </ClCompile>
    <ClCompile Include="SceneLoader.cpp">
      <Filter>Core\Scenes\Scene Loader</Filter>
    </ClCompile>
    <ClCompile Include="AudioManager.cpp">
      <Filter>Core\Audio</Filter>
    </ClCompile>
    <ClCompile Include="Sound.cpp">
      <Filter>Core\Audio\Components</Filter>
    </ClCompile>
    <ClCompile Include="ImageGO2D.cpp">
      <Filter>Core\GameObjects\Renderer</Filter>
    </ClCompile>
    <ClCompile Include="MetroBrawlInputManager.cpp">
      <Filter>Core\Input</Filter>
    </ClCompile>
  </ItemGroup>
  <ItemGroup>
    <ResourceCompile Include="resource.rc" />
  </ItemGroup>
  <ItemGroup>
    <Image Include="directx.ico">
      <Filter>Assets</Filter>
    </Image>
  </ItemGroup>
  <ItemGroup>
    <Manifest Include="settings.manifest">
      <Filter>Assets</Filter>
    </Manifest>
  </ItemGroup>
</Project>