<?xml version="1.0" encoding="utf-8"?>
<Project ToolsVersion="4.0" xmlns="http://schemas.microsoft.com/developer/msbuild/2003">
  <ItemGroup>
    <ImageContentTask Include="guides_logo.png" />
    <ImageContentTask Include="twist.png" />
    <ImageContentTask Include="gens.png" />
    <ImageContentTask Include="gens_ss.png" />
    <ImageContentTask Include="Block.jpg" />
    <ImageContentTask Include="Fighter_4.png" />
    <ImageContentTask Include="Fighter_1.png" />
    <ImageContentTask Include="Fighter_2.png" />
    <ImageContentTask Include="Fighter_3.png" />
    <ImageContentTask Include="Platform_Sprite.png" />
  </ItemGroup>
  <ItemGroup>
    <Text Include="READ_ME.txt" />
  </ItemGroup>
</Project>